
Microsoft Visual Studio Solution File, Format Version 12.00
# Visual Studio 15
VisualStudioVersion = 15.0.27130.2010
MinimumVisualStudioVersion = 10.0.40219.1
Project("{FAE04EC0-301F-11D3-BF4B-00C04F79EFBC}") = "Colliebot.Fetch.Database", "src\Colliebot.Fetch.Database\Colliebot.Fetch.Database.csproj", "{C4C43801-BE18-413B-8157-3CD28AADCD6C}"
EndProject
Project("{FAE04EC0-301F-11D3-BF4B-00C04F79EFBC}") = "Colliebot.Fetch.Website", "src\Colliebot.Fetch.Website\Colliebot.Fetch.Website.csproj", "{313C087D-F13D-4555-9B32-04870B1AB818}"
EndProject
Project("{FAE04EC0-301F-11D3-BF4B-00C04F79EFBC}") = "Colliebot.Fetch", "src\Colliebot.Fetch\Colliebot.Fetch.csproj", "{8DA01D4C-494B-4463-8C48-054BA917134D}"
EndProject
Global
	GlobalSection(SolutionConfigurationPlatforms) = preSolution
		Debug|Any CPU = Debug|Any CPU
		Release|Any CPU = Release|Any CPU
	EndGlobalSection
	GlobalSection(ProjectConfigurationPlatforms) = postSolution
		{C4C43801-BE18-413B-8157-3CD28AADCD6C}.Debug|Any CPU.ActiveCfg = Debug|Any CPU
		{C4C43801-BE18-413B-8157-3CD28AADCD6C}.Debug|Any CPU.Build.0 = Debug|Any CPU
		{C4C43801-BE18-413B-8157-3CD28AADCD6C}.Release|Any CPU.ActiveCfg = Release|Any CPU
		{C4C43801-BE18-413B-8157-3CD28AADCD6C}.Release|Any CPU.Build.0 = Release|Any CPU
		{313C087D-F13D-4555-9B32-04870B1AB818}.Debug|Any CPU.ActiveCfg = Debug|Any CPU
		{313C087D-F13D-4555-9B32-04870B1AB818}.Debug|Any CPU.Build.0 = Debug|Any CPU
		{313C087D-F13D-4555-9B32-04870B1AB818}.Release|Any CPU.ActiveCfg = Release|Any CPU
		{313C087D-F13D-4555-9B32-04870B1AB818}.Release|Any CPU.Build.0 = Release|Any CPU
		{8DA01D4C-494B-4463-8C48-054BA917134D}.Debug|Any CPU.ActiveCfg = Debug|Any CPU
		{8DA01D4C-494B-4463-8C48-054BA917134D}.Debug|Any CPU.Build.0 = Debug|Any CPU
		{8DA01D4C-494B-4463-8C48-054BA917134D}.Release|Any CPU.ActiveCfg = Release|Any CPU
		{8DA01D4C-494B-4463-8C48-054BA917134D}.Release|Any CPU.Build.0 = Release|Any CPU
	EndGlobalSection
	GlobalSection(SolutionProperties) = preSolution
		HideSolutionNode = FALSE
	EndGlobalSection
	GlobalSection(ExtensibilityGlobals) = postSolution
		SolutionGuid = {CBA4378A-03AF-4345-A427-FA965B7A377D}
	EndGlobalSection
EndGlobal
